
Microsoft Visual Studio Solution File, Format Version 12.00
# Visual Studio Version 17
VisualStudioVersion = 17.5.002.0
MinimumVisualStudioVersion = 10.0.40219.1
Project("{9A19103F-16F7-4668-BE54-9A1E7A4F7556}") = "TAMRIN3", "TAMRIN3.csproj", "{D33E0A7F-66A7-4F86-A416-95A77EE00322}"
EndProject
Global
	GlobalSection(SolutionConfigurationPlatforms) = preSolution
		Debug|Any CPU = Debug|Any CPU
		Release|Any CPU = Release|Any CPU
	EndGlobalSection
	GlobalSection(ProjectConfigurationPlatforms) = postSolution
		{D33E0A7F-66A7-4F86-A416-95A77EE00322}.Debug|Any CPU.ActiveCfg = Debug|Any CPU
		{D33E0A7F-66A7-4F86-A416-95A77EE00322}.Debug|Any CPU.Build.0 = Debug|Any CPU
		{D33E0A7F-66A7-4F86-A416-95A77EE00322}.Release|Any CPU.ActiveCfg = Release|Any CPU
		{D33E0A7F-66A7-4F86-A416-95A77EE00322}.Release|Any CPU.Build.0 = Release|Any CPU
	EndGlobalSection
	GlobalSection(SolutionProperties) = preSolution
		HideSolutionNode = FALSE
	EndGlobalSection
	GlobalSection(ExtensibilityGlobals) = postSolution
		SolutionGuid = {896C3F71-D3BA-4EE2-8679-30B4C9921103}
	EndGlobalSection
EndGlobal
